
Microsoft Visual Studio Solution File, Format Version 12.00
# Visual Studio 14
VisualStudioVersion = 14.0.25420.1
MinimumVisualStudioVersion = 10.0.40219.1
Project("{FAE04EC0-301F-11D3-BF4B-00C04F79EFBC}") = "ls", "ls\ls.csproj", "{58661728-8D92-4C48-AFA1-79107B1D23A8}"
EndProject
Project("{FAE04EC0-301F-11D3-BF4B-00C04F79EFBC}") = "touch", "touch\touch.csproj", "{FCBF1810-1749-40BA-BB42-7DC6FDDF05FC}"
EndProject
Project("{FAE04EC0-301F-11D3-BF4B-00C04F79EFBC}") = "makedir", "makedir\makedir.csproj", "{823B7FD1-D759-40DB-A019-04FF727E4F37}"
EndProject
Project("{FAE04EC0-301F-11D3-BF4B-00C04F79EFBC}") = "removedir", "removedir\removedir.csproj", "{9DF6BEEB-D057-4C65-A64E-233D2DC8C225}"
EndProject
Project("{FAE04EC0-301F-11D3-BF4B-00C04F79EFBC}") = "rm", "rm\rm.csproj", "{F04495EF-F873-4C31-AFE4-91D63713CB37}"
EndProject
Project("{FAE04EC0-301F-11D3-BF4B-00C04F79EFBC}") = "grep", "grep\grep.csproj", "{90381326-EE1A-4016-881C-43F03049BBD0}"
EndProject
Global
	GlobalSection(SolutionConfigurationPlatforms) = preSolution
		Debug|Any CPU = Debug|Any CPU
		Release|Any CPU = Release|Any CPU
	EndGlobalSection
	GlobalSection(ProjectConfigurationPlatforms) = postSolution
		{58661728-8D92-4C48-AFA1-79107B1D23A8}.Debug|Any CPU.ActiveCfg = Debug|Any CPU
		{58661728-8D92-4C48-AFA1-79107B1D23A8}.Debug|Any CPU.Build.0 = Debug|Any CPU
		{58661728-8D92-4C48-AFA1-79107B1D23A8}.Release|Any CPU.ActiveCfg = Release|Any CPU
		{58661728-8D92-4C48-AFA1-79107B1D23A8}.Release|Any CPU.Build.0 = Release|Any CPU
		{FCBF1810-1749-40BA-BB42-7DC6FDDF05FC}.Debug|Any CPU.ActiveCfg = Debug|Any CPU
		{FCBF1810-1749-40BA-BB42-7DC6FDDF05FC}.Debug|Any CPU.Build.0 = Debug|Any CPU
		{FCBF1810-1749-40BA-BB42-7DC6FDDF05FC}.Release|Any CPU.ActiveCfg = Release|Any CPU
		{FCBF1810-1749-40BA-BB42-7DC6FDDF05FC}.Release|Any CPU.Build.0 = Release|Any CPU
		{823B7FD1-D759-40DB-A019-04FF727E4F37}.Debug|Any CPU.ActiveCfg = Debug|Any CPU
		{823B7FD1-D759-40DB-A019-04FF727E4F37}.Debug|Any CPU.Build.0 = Debug|Any CPU
		{823B7FD1-D759-40DB-A019-04FF727E4F37}.Release|Any CPU.ActiveCfg = Release|Any CPU
		{823B7FD1-D759-40DB-A019-04FF727E4F37}.Release|Any CPU.Build.0 = Release|Any CPU
		{9DF6BEEB-D057-4C65-A64E-233D2DC8C225}.Debug|Any CPU.ActiveCfg = Debug|Any CPU
		{9DF6BEEB-D057-4C65-A64E-233D2DC8C225}.Debug|Any CPU.Build.0 = Debug|Any CPU
		{9DF6BEEB-D057-4C65-A64E-233D2DC8C225}.Release|Any CPU.ActiveCfg = Release|Any CPU
		{9DF6BEEB-D057-4C65-A64E-233D2DC8C225}.Release|Any CPU.Build.0 = Release|Any CPU
		{F04495EF-F873-4C31-AFE4-91D63713CB37}.Debug|Any CPU.ActiveCfg = Debug|Any CPU
		{F04495EF-F873-4C31-AFE4-91D63713CB37}.Debug|Any CPU.Build.0 = Debug|Any CPU
		{F04495EF-F873-4C31-AFE4-91D63713CB37}.Release|Any CPU.ActiveCfg = Release|Any CPU
		{F04495EF-F873-4C31-AFE4-91D63713CB37}.Release|Any CPU.Build.0 = Release|Any CPU
		{90381326-EE1A-4016-881C-43F03049BBD0}.Debug|Any CPU.ActiveCfg = Debug|Any CPU
		{90381326-EE1A-4016-881C-43F03049BBD0}.Debug|Any CPU.Build.0 = Debug|Any CPU
		{90381326-EE1A-4016-881C-43F03049BBD0}.Release|Any CPU.ActiveCfg = Release|Any CPU
		{90381326-EE1A-4016-881C-43F03049BBD0}.Release|Any CPU.Build.0 = Release|Any CPU
	EndGlobalSection
	GlobalSection(SolutionProperties) = preSolution
		HideSolutionNode = FALSE
	EndGlobalSection
EndGlobal
